{
  "requires": true,
  "lockfileVersion": 1,
  "dependencies": {
    "xxx": {
      "version": "0.0.1",
      "resolved": "https://registry.npmjs.org/xxx/-/xxx-0.0.1.tgz",
      "integrity": "sha512-v4lqN2YhlmyKFmdA6OobGeeyja9A1vAgaCDQvmGmtrlOHXbW9uBuAFI2jGV/6LUg6QncxhZeb3yrfwP25680tQ=="
    }
  }
}
